{
  "name": "@silyze/async-audio-twilio",
  "version": "1.0.0",
  "lockfileVersion": 3,
  "requires": true,
  "packages": {
    "": {
      "name": "@silyze/async-audio-twilio",
      "version": "1.0.0",
      "license": "MIT",
      "dependencies": {
        "@mojsoski/assert": "^1.0.0",
        "@mojsoski/async-stream": "^1.0.0",
        "@mojsoski/async-websocket-stream": "^1.0.2",
        "@silyze/async-audio-format-ulaw": "^1.0.0",
        "@silyze/async-audio-stream": "^1.0.1"
      },
      "devDependencies": {
        "@types/ws": "^8.18.1",
        "typescript": "^5.8.3"
      }
    },
    "node_modules/@mojsoski/assert": {
      "version": "1.0.0",
      "resolved": "https://registry.npmjs.org/@mojsoski/assert/-/assert-1.0.0.tgz",
      "integrity": "sha512-v/LdNGr8As34sKnXTZYoBkYd11nawY5qWWXQ252iQy2eaK0atcs+IHJofLEOvzCXU+tsbSpLGNHQG8h8W8fRyg==",
      "license": "MIT"
    },
    "node_modules/@mojsoski/async-event-stream": {
      "version": "1.0.0",
      "resolved": "https://registry.npmjs.org/@mojsoski/async-event-stream/-/async-event-stream-1.0.0.tgz",
      "integrity": "sha512-ypcjLDUr1JePs7ukFYl4AEwQEcLQrXlP1mFL0zOvf2FYWudTlF/Mshp/6rS2Nf6xkHISapPTQn6OFdIPzD36fQ==",
      "license": "MIT",
      "dependencies": {
        "@mojsoski/async-stream": "^1.0.0"
      }
    },
    "node_modules/@mojsoski/async-stream": {
      "version": "1.0.0",
      "resolved": "https://registry.npmjs.org/@mojsoski/async-stream/-/async-stream-1.0.0.tgz",
      "integrity": "sha512-FcMClD4nBVnJJt9Ti6/KBIqeXB6BzbvFyveRug374ceRYepwL6kl2kaZQiTHyFpMb6nTrBHXu41W6hgKKGAUug==",
      "license": "MIT"
    },
    "node_modules/@mojsoski/async-websocket-stream": {
      "version": "1.0.2",
      "resolved": "https://registry.npmjs.org/@mojsoski/async-websocket-stream/-/async-websocket-stream-1.0.2.tgz",
      "integrity": "sha512-x3tlVhnJZFAuWBfSfBNdVkb3JO6hWpBNzLBTMNyitUu1AIZfC/fnSK1CyAYqLDCuhGsBEKZRuT+dE4yr/z16pA==",
      "license": "MIT",
      "dependencies": {
        "@mojsoski/async-event-stream": "^1.0.0",
        "@mojsoski/async-stream": "^1.0.0"
      }
    },
    "node_modules/@silyze/async-audio-format-ulaw": {
      "version": "1.0.0",
      "resolved": "https://registry.npmjs.org/@silyze/async-audio-format-ulaw/-/async-audio-format-ulaw-1.0.0.tgz",
      "integrity": "sha512-fwHAQ+JYi4w3s379aI+Yn8MhAn+Cv+ULkXKjI14/vnUSdO9b4q46YE/WkqCmjMEcZVom77Xsa4//PXaNdGbxHg==",
      "license": "MIT",
      "dependencies": {
        "@mojsoski/async-stream": "^1.0.0",
        "@silyze/async-audio-stream": "^1.0.1",
        "alawmulaw": "^6.0.0"
      }
    },
    "node_modules/@silyze/async-audio-stream": {
      "version": "1.0.1",
      "resolved": "https://registry.npmjs.org/@silyze/async-audio-stream/-/async-audio-stream-1.0.1.tgz",
      "integrity": "sha512-vL7HDS3jQ5axmWw0GL0MFsINivaqX1LqnupcldqwcanE7QwFkJWVKLnaX7iy1ErgmkQtPK6av8DgmWKA+T+KgA==",
      "license": "MIT",
      "dependencies": {
        "@mojsoski/async-stream": "^1.0.0"
      }
    },
    "node_modules/@types/node": {
      "version": "22.15.30",
      "resolved": "https://registry.npmjs.org/@types/node/-/node-22.15.30.tgz",
      "integrity": "sha512-6Q7lr06bEHdlfplU6YRbgG1SFBdlsfNC4/lX+SkhiTs0cpJkOElmWls8PxDFv4yY/xKb8Y6SO0OmSX4wgqTZbA==",
      "dev": true,
      "license": "MIT",
      "dependencies": {
        "undici-types": "~6.21.0"
      }
    },
    "node_modules/@types/ws": {
      "version": "8.18.1",
      "resolved": "https://registry.npmjs.org/@types/ws/-/ws-8.18.1.tgz",
      "integrity": "sha512-ThVF6DCVhA8kUGy+aazFQ4kXQ7E1Ty7A3ypFOe0IcJV8O/M511G99AW24irKrW56Wt44yG9+ij8FaqoBGkuBXg==",
      "dev": true,
      "license": "MIT",
      "dependencies": {
        "@types/node": "*"
      }
    },
    "node_modules/alawmulaw": {
      "version": "6.0.0",
      "resolved": "https://registry.npmjs.org/alawmulaw/-/alawmulaw-6.0.0.tgz",
      "integrity": "sha512-1aQJZX2Ax5X7Bq9j9Wkv0gczxexnkshlNNxTc0sD5DjAb+NIgfHkI3rpnjSgr6pK1s4V0Z7viBgE9/FHcIwkyw==",
      "license": "MIT",
      "engines": {
        "node": ">=8"
      }
    },
    "node_modules/typescript": {
      "version": "5.8.3",
      "resolved": "https://registry.npmjs.org/typescript/-/typescript-5.8.3.tgz",
      "integrity": "sha512-p1diW6TqL9L07nNxvRMM7hMMw4c5XOo/1ibL4aAIGmSAt9slTE1Xgw5KWuof2uTOvCg9BY7ZRi+GaF+7sfgPeQ==",
      "dev": true,
      "license": "Apache-2.0",
      "bin": {
        "tsc": "bin/tsc",
        "tsserver": "bin/tsserver"
      },
      "engines": {
        "node": ">=14.17"
      }
    },
    "node_modules/undici-types": {
      "version": "6.21.0",
      "resolved": "https://registry.npmjs.org/undici-types/-/undici-types-6.21.0.tgz",
      "integrity": "sha512-iwDZqg0QAGrg9Rav5H4n0M64c3mkR59cJ6wQp+7C4nI0gsmExaedaYLNO44eT4AtBBwjbTiGPMlt2Md0T9H9JQ==",
      "dev": true,
      "license": "MIT"
    }
  }
}
